// !$*UTF8*$!
{
	archiveVersion = 1;
	classes = {
	};
	objectVersion = 48;
	objects = {

/* Begin PBXBuildFile section */
		1E1FFCDA204EACB900C9DA35 /* AppDelegate.swift in Sources */ = {isa = PBXBuildFile; fileRef = 1E1FFCD9204EACB900C9DA35 /* AppDelegate.swift */; };
		1E1FFCDC204EACB900C9DA35 /* ViewController.swift in Sources */ = {isa = PBXBuildFile; fileRef = 1E1FFCDB204EACB900C9DA35 /* ViewController.swift */; };
		1E1FFCDF204EACB900C9DA35 /* Main.storyboard in Resources */ = {isa = PBXBuildFile; fileRef = 1E1FFCDD204EACB900C9DA35 /* Main.storyboard */; };
		1E1FFCE1204EACB900C9DA35 /* Assets.xcassets in Resources */ = {isa = PBXBuildFile; fileRef = 1E1FFCE0204EACB900C9DA35 /* Assets.xcassets */; };
		1E1FFCE4204EACB900C9DA35 /* LaunchScreen.storyboard in Resources */ = {isa = PBXBuildFile; fileRef = 1E1FFCE2204EACB900C9DA35 /* LaunchScreen.storyboard */; };
		1E5172E020514D4D00CDFBCB /* HistoryViewController.swift in Sources */ = {isa = PBXBuildFile; fileRef = 1E5172DF20514D4D00CDFBCB /* HistoryViewController.swift */; };
		1E66E1D0204ECC3300DF7825 /* ParsingModelForMainView.swift in Sources */ = {isa = PBXBuildFile; fileRef = 1E66E1CF204ECC3300DF7825 /* ParsingModelForMainView.swift */; };
		1E66E1D2204ECD6B00DF7825 /* CoordinatesSingleton.swift in Sources */ = {isa = PBXBuildFile; fileRef = 1E66E1D1204ECD6B00DF7825 /* CoordinatesSingleton.swift */; };
		1E66E1D5204EF1CA00DF7825 /* CitiesController.swift in Sources */ = {isa = PBXBuildFile; fileRef = 1E66E1D4204EF1CA00DF7825 /* CitiesController.swift */; };
		1E66E1D9204F05E800DF7825 /* PageCell.swift in Sources */ = {isa = PBXBuildFile; fileRef = 1E66E1D8204F05E800DF7825 /* PageCell.swift */; };
		1E66E1DB204F2C7E00DF7825 /* Page.swift in Sources */ = {isa = PBXBuildFile; fileRef = 1E66E1DA204F2C7E00DF7825 /* Page.swift */; };
		1E66E1DF204F32E100DF7825 /* SearchViewController.swift in Sources */ = {isa = PBXBuildFile; fileRef = 1E66E1DE204F32E100DF7825 /* SearchViewController.swift */; };
/* End PBXBuildFile section */

/* Begin PBXFileReference section */
		1E1FFCD6204EACB900C9DA35 /* vakomsWeatherApp.app */ = {isa = PBXFileReference; explicitFileType = wrapper.application; includeInIndex = 0; path = vakomsWeatherApp.app; sourceTree = BUILT_PRODUCTS_DIR; };
		1E1FFCD9204EACB900C9DA35 /* AppDelegate.swift */ = {isa = PBXFileReference; lastKnownFileType = sourcecode.swift; path = AppDelegate.swift; sourceTree = "<group>"; };
		1E1FFCDB204EACB900C9DA35 /* ViewController.swift */ = {isa = PBXFileReference; lastKnownFileType = sourcecode.swift; path = ViewController.swift; sourceTree = "<group>"; };
		1E1FFCDE204EACB900C9DA35 /* Base */ = {isa = PBXFileReference; lastKnownFileType = file.storyboard; name = Base; path = Base.lproj/Main.storyboard; sourceTree = "<group>"; };
		1E1FFCE0204EACB900C9DA35 /* Assets.xcassets */ = {isa = PBXFileReference; lastKnownFileType = folder.assetcatalog; path = Assets.xcassets; sourceTree = "<group>"; };
		1E1FFCE3204EACB900C9DA35 /* Base */ = {isa = PBXFileReference; lastKnownFileType = file.storyboard; name = Base; path = Base.lproj/LaunchScreen.storyboard; sourceTree = "<group>"; };
		1E1FFCE5204EACB900C9DA35 /* Info.plist */ = {isa = PBXFileReference; lastKnownFileType = text.plist.xml; path = Info.plist; sourceTree = "<group>"; };
		1E5172DF20514D4D00CDFBCB /* HistoryViewController.swift */ = {isa = PBXFileReference; lastKnownFileType = sourcecode.swift; path = HistoryViewController.swift; sourceTree = "<group>"; };
		1E66E1CF204ECC3300DF7825 /* ParsingModelForMainView.swift */ = {isa = PBXFileReference; lastKnownFileType = sourcecode.swift; path = ParsingModelForMainView.swift; sourceTree = "<group>"; };
		1E66E1D1204ECD6B00DF7825 /* CoordinatesSingleton.swift */ = {isa = PBXFileReference; lastKnownFileType = sourcecode.swift; path = CoordinatesSingleton.swift; sourceTree = "<group>"; };
		1E66E1D4204EF1CA00DF7825 /* CitiesController.swift */ = {isa = PBXFileReference; lastKnownFileType = sourcecode.swift; path = CitiesController.swift; sourceTree = "<group>"; };
		1E66E1D8204F05E800DF7825 /* PageCell.swift */ = {isa = PBXFileReference; lastKnownFileType = sourcecode.swift; path = PageCell.swift; sourceTree = "<group>"; };
		1E66E1DA204F2C7E00DF7825 /* Page.swift */ = {isa = PBXFileReference; lastKnownFileType = sourcecode.swift; path = Page.swift; sourceTree = "<group>"; };
		1E66E1DE204F32E100DF7825 /* SearchViewController.swift */ = {isa = PBXFileReference; lastKnownFileType = sourcecode.swift; path = SearchViewController.swift; sourceTree = "<group>"; };
/* End PBXFileReference section */

/* Begin PBXFrameworksBuildPhase section */
		1E1FFCD3204EACB900C9DA35 /* Frameworks */ = {
			isa = PBXFrameworksBuildPhase;
			buildActionMask = 2147483647;
			files = (
			);
			runOnlyForDeploymentPostprocessing = 0;
		};
/* End PBXFrameworksBuildPhase section */

/* Begin PBXGroup section */
		1E1FFCCD204EACB900C9DA35 = {
			isa = PBXGroup;
			children = (
				1E1FFCD8204EACB900C9DA35 /* vakomsWeatherApp */,
				1E1FFCD7204EACB900C9DA35 /* Products */,
			);
			sourceTree = "<group>";
		};
		1E1FFCD7204EACB900C9DA35 /* Products */ = {
			isa = PBXGroup;
			children = (
				1E1FFCD6204EACB900C9DA35 /* vakomsWeatherApp.app */,
			);
			name = Products;
			sourceTree = "<group>";
		};
		1E1FFCD8204EACB900C9DA35 /* vakomsWeatherApp */ = {
			isa = PBXGroup;
			children = (
				1E66E1CE204ECC1E00DF7825 /* Models */,
				1E66E1D3204EF19600DF7825 /* Controllers */,
				1E1FFCD9204EACB900C9DA35 /* AppDelegate.swift */,
				1E1FFCE0204EACB900C9DA35 /* Assets.xcassets */,
				1E1FFCE2204EACB900C9DA35 /* LaunchScreen.storyboard */,
				1E1FFCDD204EACB900C9DA35 /* Main.storyboard */,
				1E1FFCE5204EACB900C9DA35 /* Info.plist */,
			);
			path = vakomsWeatherApp;
			sourceTree = "<group>";
		};
		1E66E1CE204ECC1E00DF7825 /* Models */ = {
			isa = PBXGroup;
			children = (
				1E66E1CF204ECC3300DF7825 /* ParsingModelForMainView.swift */,
				1E66E1D1204ECD6B00DF7825 /* CoordinatesSingleton.swift */,
				1E66E1DA204F2C7E00DF7825 /* Page.swift */,
				1E66E1D8204F05E800DF7825 /* PageCell.swift */,
			);
			path = Models;
			sourceTree = "<group>";
		};
		1E66E1D3204EF19600DF7825 /* Controllers */ = {
			isa = PBXGroup;
			children = (
				1E1FFCDB204EACB900C9DA35 /* ViewController.swift */,
				1E66E1DE204F32E100DF7825 /* SearchViewController.swift */,
				1E5172DF20514D4D00CDFBCB /* HistoryViewController.swift */,
				1E66E1D4204EF1CA00DF7825 /* CitiesController.swift */,
			);
			path = Controllers;
			sourceTree = "<group>";
		};
/* End PBXGroup section */

/* Begin PBXNativeTarget section */
		1E1FFCD5204EACB900C9DA35 /* vakomsWeatherApp */ = {
			isa = PBXNativeTarget;
			buildConfigurationList = 1E1FFCE8204EACB900C9DA35 /* Build configuration list for PBXNativeTarget "vakomsWeatherApp" */;
			buildPhases = (
				1E1FFCD2204EACB900C9DA35 /* Sources */,
				1E1FFCD3204EACB900C9DA35 /* Frameworks */,
				1E1FFCD4204EACB900C9DA35 /* Resources */,
			);
			buildRules = (
			);
			dependencies = (
			);
			name = vakomsWeatherApp;
			productName = vakomsWeatherApp;
			productReference = 1E1FFCD6204EACB900C9DA35 /* vakomsWeatherApp.app */;
			productType = "com.apple.product-type.application";
		};
/* End PBXNativeTarget section */

/* Begin PBXProject section */
		1E1FFCCE204EACB900C9DA35 /* Project object */ = {
			isa = PBXProject;
			attributes = {
				LastSwiftUpdateCheck = 0920;
				LastUpgradeCheck = 0920;
				ORGANIZATIONNAME = "Roman Malasnyak";
				TargetAttributes = {
					1E1FFCD5204EACB900C9DA35 = {
						CreatedOnToolsVersion = 9.2;
						ProvisioningStyle = Automatic;
					};
				};
			};
			buildConfigurationList = 1E1FFCD1204EACB900C9DA35 /* Build configuration list for PBXProject "vakomsWeatherApp" */;
			compatibilityVersion = "Xcode 8.0";
			developmentRegion = en;
			hasScannedForEncodings = 0;
			knownRegions = (
				en,
				Base,
			);
			mainGroup = 1E1FFCCD204EACB900C9DA35;
			productRefGroup = 1E1FFCD7204EACB900C9DA35 /* Products */;
			projectDirPath = "";
			projectRoot = "";
			targets = (
				1E1FFCD5204EACB900C9DA35 /* vakomsWeatherApp */,
			);
		};
/* End PBXProject section */

/* Begin PBXResourcesBuildPhase section */
		1E1FFCD4204EACB900C9DA35 /* Resources */ = {
			isa = PBXResourcesBuildPhase;
			buildActionMask = 2147483647;
			files = (
				1E1FFCE4204EACB900C9DA35 /* LaunchScreen.storyboard in Resources */,
				1E1FFCE1204EACB900C9DA35 /* Assets.xcassets in Resources */,
				1E1FFCDF204EACB900C9DA35 /* Main.storyboard in Resources */,
			);
			runOnlyForDeploymentPostprocessing = 0;
		};
/* End PBXResourcesBuildPhase section */

/* Begin PBXSourcesBuildPhase section */
		1E1FFCD2204EACB900C9DA35 /* Sources */ = {
			isa = PBXSourcesBuildPhase;
			buildActionMask = 2147483647;
			files = (
				1E1FFCDC204EACB900C9DA35 /* ViewController.swift in Sources */,
				1E66E1D0204ECC3300DF7825 /* ParsingModelForMainView.swift in Sources */,
				1E66E1D9204F05E800DF7825 /* PageCell.swift in Sources */,
				1E5172E020514D4D00CDFBCB /* HistoryViewController.swift in Sources */,
				1E66E1DF204F32E100DF7825 /* SearchViewController.swift in Sources */,
				1E1FFCDA204EACB900C9DA35 /* AppDelegate.swift in Sources */,
				1E66E1DB204F2C7E00DF7825 /* Page.swift in Sources */,
				1E66E1D5204EF1CA00DF7825 /* CitiesController.swift in Sources */,
				1E66E1D2204ECD6B00DF7825 /* CoordinatesSingleton.swift in Sources */,
			);
			runOnlyForDeploymentPostprocessing = 0;
		};
/* End PBXSourcesBuildPhase section */

/* Begin PBXVariantGroup section */
		1E1FFCDD204EACB900C9DA35 /* Main.storyboard */ = {
			isa = PBXVariantGroup;
			children = (
				1E1FFCDE204EACB900C9DA35 /* Base */,
			);
			name = Main.storyboard;
			sourceTree = "<group>";
		};
		1E1FFCE2204EACB900C9DA35 /* LaunchScreen.storyboard */ = {
			isa = PBXVariantGroup;
			children = (
				1E1FFCE3204EACB900C9DA35 /* Base */,
			);
			name = LaunchScreen.storyboard;
			sourceTree = "<group>";
		};
/* End PBXVariantGroup section */

/* Begin XCBuildConfiguration section */
		1E1FFCE6204EACB900C9DA35 /* Debug */ = {
			isa = XCBuildConfiguration;
			buildSettings = {
				ALWAYS_SEARCH_USER_PATHS = NO;
				CLANG_ANALYZER_NONNULL = YES;
				CLANG_ANALYZER_NUMBER_OBJECT_CONVERSION = YES_AGGRESSIVE;
				CLANG_CXX_LANGUAGE_STANDARD = "gnu++14";
				CLANG_CXX_LIBRARY = "libc++";
				CLANG_ENABLE_MODULES = YES;
				CLANG_ENABLE_OBJC_ARC = YES;
				CLANG_WARN_BLOCK_CAPTURE_AUTORELEASING = YES;
				CLANG_WARN_BOOL_CONVERSION = YES;
				CLANG_WARN_COMMA = YES;
				CLANG_WARN_CONSTANT_CONVERSION = YES;
				CLANG_WARN_DIRECT_OBJC_ISA_USAGE = YES_ERROR;
				CLANG_WARN_DOCUMENTATION_COMMENTS = YES;
				CLANG_WARN_EMPTY_BODY = YES;
				CLANG_WARN_ENUM_CONVERSION = YES;
				CLANG_WARN_INFINITE_RECURSION = YES;
				CLANG_WARN_INT_CONVERSION = YES;
				CLANG_WARN_NON_LITERAL_NULL_CONVERSION = YES;
				CLANG_WARN_OBJC_LITERAL_CONVERSION = YES;
				CLANG_WARN_OBJC_ROOT_CLASS = YES_ERROR;
				CLANG_WARN_RANGE_LOOP_ANALYSIS = YES;
				CLANG_WARN_STRICT_PROTOTYPES = YES;
				CLANG_WARN_SUSPICIOUS_MOVE = YES;
				CLANG_WARN_UNGUARDED_AVAILABILITY = YES_AGGRESSIVE;
				CLANG_WARN_UNREACHABLE_CODE = YES;
				CLANG_WARN__DUPLICATE_METHOD_MATCH = YES;
				CODE_SIGN_IDENTITY = "iPhone Developer";
				COPY_PHASE_STRIP = NO;
				DEBUG_INFORMATION_FORMAT = dwarf;
				ENABLE_STRICT_OBJC_MSGSEND = YES;
				ENABLE_TESTABILITY = YES;
				GCC_C_LANGUAGE_STANDARD = gnu11;
				GCC_DYNAMIC_NO_PIC = NO;
				GCC_NO_COMMON_BLOCKS = YES;
				GCC_OPTIMIZATION_LEVEL = 0;
				GCC_PREPROCESSOR_DEFINITIONS = (
					"DEBUG=1",
					"$(inherited)",
				);
				GCC_WARN_64_TO_32_BIT_CONVERSION = YES;
				GCC_WARN_ABOUT_RETURN_TYPE = YES_ERROR;
				GCC_WARN_UNDECLARED_SELECTOR = YES;
				GCC_WARN_UNINITIALIZED_AUTOS = YES_AGGRESSIVE;
				GCC_WARN_UNUSED_FUNCTION = YES;
				GCC_WARN_UNUSED_VARIABLE = YES;
				IPHONEOS_DEPLOYMENT_TARGET = 11.2;
				MTL_ENABLE_DEBUG_INFO = YES;
				ONLY_ACTIVE_ARCH = YES;
				SDKROOT = iphoneos;
				SWIFT_ACTIVE_COMPILATION_CONDITIONS = DEBUG;
				SWIFT_OPTIMIZATION_LEVEL = "-Onone";
			};
			name = Debug;
		};
		1E1FFCE7204EACB900C9DA35 /* Release */ = {
			isa = XCBuildConfiguration;
			buildSettings = {
				ALWAYS_SEARCH_USER_PATHS = NO;
				CLANG_ANALYZER_NONNULL = YES;
				CLANG_ANALYZER_NUMBER_OBJECT_CONVERSION = YES_AGGRESSIVE;
				CLANG_CXX_LANGUAGE_STANDARD = "gnu++14";
				CLANG_CXX_LIBRARY = "libc++";
				CLANG_ENABLE_MODULES = YES;
				CLANG_ENABLE_OBJC_ARC = YES;
				CLANG_WARN_BLOCK_CAPTURE_AUTORELEASING = YES;
				CLANG_WARN_BOOL_CONVERSION = YES;
				CLANG_WARN_COMMA = YES;
				CLANG_WARN_CONSTANT_CONVERSION = YES;
				CLANG_WARN_DIRECT_OBJC_ISA_USAGE = YES_ERROR;
				CLANG_WARN_DOCUMENTATION_COMMENTS = YES;
				CLANG_WARN_EMPTY_BODY = YES;
				CLANG_WARN_ENUM_CONVERSION = YES;
				CLANG_WARN_INFINITE_RECURSION = YES;
				CLANG_WARN_INT_CONVERSION = YES;
				CLANG_WARN_NON_LITERAL_NULL_CONVERSION = YES;
				CLANG_WARN_OBJC_LITERAL_CONVERSION = YES;
				CLANG_WARN_OBJC_ROOT_CLASS = YES_ERROR;
				CLANG_WARN_RANGE_LOOP_ANALYSIS = YES;
				CLANG_WARN_STRICT_PROTOTYPES = YES;
				CLANG_WARN_SUSPICIOUS_MOVE = YES;
				CLANG_WARN_UNGUARDED_AVAILABILITY = YES_AGGRESSIVE;
				CLANG_WARN_UNREACHABLE_CODE = YES;
				CLANG_WARN__DUPLICATE_METHOD_MATCH = YES;
				CODE_SIGN_IDENTITY = "iPhone Developer";
				COPY_PHASE_STRIP = NO;
				DEBUG_INFORMATION_FORMAT = "dwarf-with-dsym";
				ENABLE_NS_ASSERTIONS = NO;
				ENABLE_STRICT_OBJC_MSGSEND = YES;
				GCC_C_LANGUAGE_STANDARD = gnu11;
				GCC_NO_COMMON_BLOCKS = YES;
				GCC_WARN_64_TO_32_BIT_CONVERSION = YES;
				GCC_WARN_ABOUT_RETURN_TYPE = YES_ERROR;
				GCC_WARN_UNDECLARED_SELECTOR = YES;
				GCC_WARN_UNINITIALIZED_AUTOS = YES_AGGRESSIVE;
				GCC_WARN_UNUSED_FUNCTION = YES;
				GCC_WARN_UNUSED_VARIABLE = YES;
				IPHONEOS_DEPLOYMENT_TARGET = 11.2;
				MTL_ENABLE_DEBUG_INFO = NO;
				SDKROOT = iphoneos;
				SWIFT_OPTIMIZATION_LEVEL = "-Owholemodule";
				VALIDATE_PRODUCT = YES;
			};
			name = Release;
		};
		1E1FFCE9204EACB900C9DA35 /* Debug */ = {
			isa = XCBuildConfiguration;
			buildSettings = {
				ASSETCATALOG_COMPILER_APPICON_NAME = AppIcon;
				CODE_SIGN_STYLE = Automatic;
				DEVELOPMENT_TEAM = FHHDVG3C3L;
				INFOPLIST_FILE = vakomsWeatherApp/Info.plist;
				LD_RUNPATH_SEARCH_PATHS = "$(inherited) @executable_path/Frameworks";
				PRODUCT_BUNDLE_IDENTIFIER = rmalas.vakomsWeatherApp;
				PRODUCT_NAME = "$(TARGET_NAME)";
				SWIFT_VERSION = 4.0;
				TARGETED_DEVICE_FAMILY = "1,2";
			};
			name = Debug;
		};
		1E1FFCEA204EACB900C9DA35 /* Release */ = {
			isa = XCBuildConfiguration;
			buildSettings = {
				ASSETCATALOG_COMPILER_APPICON_NAME = AppIcon;
				CODE_SIGN_STYLE = Automatic;
				DEVELOPMENT_TEAM = FHHDVG3C3L;
				INFOPLIST_FILE = vakomsWeatherApp/Info.plist;
				LD_RUNPATH_SEARCH_PATHS = "$(inherited) @executable_path/Frameworks";
				PRODUCT_BUNDLE_IDENTIFIER = rmalas.vakomsWeatherApp;
				PRODUCT_NAME = "$(TARGET_NAME)";
				SWIFT_VERSION = 4.0;
				TARGETED_DEVICE_FAMILY = "1,2";
			};
			name = Release;
		};
/* End XCBuildConfiguration section */

/* Begin XCConfigurationList section */
		1E1FFCD1204EACB900C9DA35 /* Build configuration list for PBXProject "vakomsWeatherApp" */ = {
			isa = XCConfigurationList;
			buildConfigurations = (
				1E1FFCE6204EACB900C9DA35 /* Debug */,
				1E1FFCE7204EACB900C9DA35 /* Release */,
			);
			defaultConfigurationIsVisible = 0;
			defaultConfigurationName = Release;
		};
		1E1FFCE8204EACB900C9DA35 /* Build configuration list for PBXNativeTarget "vakomsWeatherApp" */ = {
			isa = XCConfigurationList;
			buildConfigurations = (
				1E1FFCE9204EACB900C9DA35 /* Debug */,
				1E1FFCEA204EACB900C9DA35 /* Release */,
			);
			defaultConfigurationIsVisible = 0;
			defaultConfigurationName = Release;
		};
/* End XCConfigurationList section */
	};
	rootObject = 1E1FFCCE204EACB900C9DA35 /* Project object */;
}
